
Microsoft Visual Studio Solution File, Format Version 12.00
# Visual Studio Version 16
VisualStudioVersion = 16.0.30413.136
MinimumVisualStudioVersion = 10.0.40219.1
Project("{FAE04EC0-301F-11D3-BF4B-00C04F79EFBC}") = "AD工程创建App", "AD工程创建App.csproj", "{59DE1D56-73BC-49CB-808C-BC10C04689F9}"
EndProject
Global
	GlobalSection(SolutionConfigurationPlatforms) = preSolution
		Debug|Any CPU = Debug|Any CPU
		Release|Any CPU = Release|Any CPU
	EndGlobalSection
	GlobalSection(ProjectConfigurationPlatforms) = postSolution
		{59DE1D56-73BC-49CB-808C-BC10C04689F9}.Debug|Any CPU.ActiveCfg = Debug|Any CPU
		{59DE1D56-73BC-49CB-808C-BC10C04689F9}.Debug|Any CPU.Build.0 = Debug|Any CPU
		{59DE1D56-73BC-49CB-808C-BC10C04689F9}.Release|Any CPU.ActiveCfg = Release|Any CPU
		{59DE1D56-73BC-49CB-808C-BC10C04689F9}.Release|Any CPU.Build.0 = Release|Any CPU
	EndGlobalSection
	GlobalSection(SolutionProperties) = preSolution
		HideSolutionNode = FALSE
	EndGlobalSection
	GlobalSection(ExtensibilityGlobals) = postSolution
		SolutionGuid = {B676C55A-91FE-44AE-9378-3FE33D92C673}
	EndGlobalSection
EndGlobal
